
Microsoft Visual Studio Solution File, Format Version 12.00
# Visual Studio Version 17
VisualStudioVersion = 17.8.34525.116
MinimumVisualStudioVersion = 10.0.40219.1
Project("{2150E333-8FDC-42A3-9474-1A3956D46DE8}") = "src", "src", "{8DA8CB6A-111C-4696-9635-E921E1A2CFB9}"
EndProject
Project("{9A19103F-16F7-4668-BE54-9A1E7A4F7556}") = "ATMS.Web.Mvc", "ATMS.Web.Mvc\ATMS.Web.Mvc.csproj", "{341ABEBB-C3E1-43A0-832E-F53F0E85A327}"
EndProject
Project("{9A19103F-16F7-4668-BE54-9A1E7A4F7556}") = "ATMS.Web.API", "ATMS.Web.API\ATMS.Web.API.csproj", "{691DE919-2593-46C3-9AC0-CEC16593B694}"
EndProject
Project("{9A19103F-16F7-4668-BE54-9A1E7A4F7556}") = "ATMS.Web.Dto", "ATMS.Web.Dto\ATMS.Web.Dto.csproj", "{4C036B33-061B-44E3-A08D-FD03A725E9CC}"
EndProject
Project("{2150E333-8FDC-42A3-9474-1A3956D46DE8}") = "Common", "Common", "{D971578C-6BAB-4A13-B438-4021620F4BF5}"
EndProject
Project("{9A19103F-16F7-4668-BE54-9A1E7A4F7556}") = "ATMS.ConsoleApp", "ATMS.Console\ATMS.ConsoleApp.csproj", "{02BCB4E1-7CC1-471E-B12E-2BD0C0AFE57A}"
EndProject
Project("{FAE04EC0-301F-11D3-BF4B-00C04F79EFBC}") = "ATMS.Web.ATMLocationAPI", "ATMS.Web.ATMLocationAPI\ATMS.Web.ATMLocationAPI.csproj", "{EB207507-03D4-4244-A2F4-277D61C167F9}"
EndProject
Global
	GlobalSection(SolutionConfigurationPlatforms) = preSolution
		Debug|Any CPU = Debug|Any CPU
		Release|Any CPU = Release|Any CPU
	EndGlobalSection
	GlobalSection(ProjectConfigurationPlatforms) = postSolution
		{341ABEBB-C3E1-43A0-832E-F53F0E85A327}.Debug|Any CPU.ActiveCfg = Debug|Any CPU
		{341ABEBB-C3E1-43A0-832E-F53F0E85A327}.Debug|Any CPU.Build.0 = Debug|Any CPU
		{341ABEBB-C3E1-43A0-832E-F53F0E85A327}.Release|Any CPU.ActiveCfg = Release|Any CPU
		{341ABEBB-C3E1-43A0-832E-F53F0E85A327}.Release|Any CPU.Build.0 = Release|Any CPU
		{691DE919-2593-46C3-9AC0-CEC16593B694}.Debug|Any CPU.ActiveCfg = Debug|Any CPU
		{691DE919-2593-46C3-9AC0-CEC16593B694}.Debug|Any CPU.Build.0 = Debug|Any CPU
		{691DE919-2593-46C3-9AC0-CEC16593B694}.Release|Any CPU.ActiveCfg = Release|Any CPU
		{691DE919-2593-46C3-9AC0-CEC16593B694}.Release|Any CPU.Build.0 = Release|Any CPU
		{4C036B33-061B-44E3-A08D-FD03A725E9CC}.Debug|Any CPU.ActiveCfg = Debug|Any CPU
		{4C036B33-061B-44E3-A08D-FD03A725E9CC}.Debug|Any CPU.Build.0 = Debug|Any CPU
		{4C036B33-061B-44E3-A08D-FD03A725E9CC}.Release|Any CPU.ActiveCfg = Release|Any CPU
		{4C036B33-061B-44E3-A08D-FD03A725E9CC}.Release|Any CPU.Build.0 = Release|Any CPU
		{02BCB4E1-7CC1-471E-B12E-2BD0C0AFE57A}.Debug|Any CPU.ActiveCfg = Debug|Any CPU
		{02BCB4E1-7CC1-471E-B12E-2BD0C0AFE57A}.Debug|Any CPU.Build.0 = Debug|Any CPU
		{02BCB4E1-7CC1-471E-B12E-2BD0C0AFE57A}.Release|Any CPU.ActiveCfg = Release|Any CPU
		{02BCB4E1-7CC1-471E-B12E-2BD0C0AFE57A}.Release|Any CPU.Build.0 = Release|Any CPU
		{EB207507-03D4-4244-A2F4-277D61C167F9}.Debug|Any CPU.ActiveCfg = Debug|Any CPU
		{EB207507-03D4-4244-A2F4-277D61C167F9}.Debug|Any CPU.Build.0 = Debug|Any CPU
		{EB207507-03D4-4244-A2F4-277D61C167F9}.Release|Any CPU.ActiveCfg = Release|Any CPU
		{EB207507-03D4-4244-A2F4-277D61C167F9}.Release|Any CPU.Build.0 = Release|Any CPU
	EndGlobalSection
	GlobalSection(SolutionProperties) = preSolution
		HideSolutionNode = FALSE
	EndGlobalSection
	GlobalSection(NestedProjects) = preSolution
		{341ABEBB-C3E1-43A0-832E-F53F0E85A327} = {8DA8CB6A-111C-4696-9635-E921E1A2CFB9}
		{691DE919-2593-46C3-9AC0-CEC16593B694} = {8DA8CB6A-111C-4696-9635-E921E1A2CFB9}
		{4C036B33-061B-44E3-A08D-FD03A725E9CC} = {D971578C-6BAB-4A13-B438-4021620F4BF5}
		{D971578C-6BAB-4A13-B438-4021620F4BF5} = {8DA8CB6A-111C-4696-9635-E921E1A2CFB9}
		{02BCB4E1-7CC1-471E-B12E-2BD0C0AFE57A} = {8DA8CB6A-111C-4696-9635-E921E1A2CFB9}
		{EB207507-03D4-4244-A2F4-277D61C167F9} = {8DA8CB6A-111C-4696-9635-E921E1A2CFB9}
	EndGlobalSection
	GlobalSection(ExtensibilityGlobals) = postSolution
		SolutionGuid = {A1A037C5-EF85-45A8-8179-8B9A3E0C44EE}
	EndGlobalSection
EndGlobal
